
Microsoft Visual Studio Solution File, Format Version 12.00
# Visual Studio Version 16
VisualStudioVersion = 16.0.30611.23
MinimumVisualStudioVersion = 10.0.40219.1
Project("{9A19103F-16F7-4668-BE54-9A1E7A4F7556}") = "Api", "Api.csproj", "{7869E0FD-60F6-4151-97FC-42260703EC8F}"
EndProject
Project("{2150E333-8FDC-42A3-9474-1A3956D46DE8}") = "Solution Items", "Solution Items", "{5FDB3F26-0306-4057-AB76-4684BD381660}"
	ProjectSection(SolutionItems) = preProject
		..\Html\_home.html = ..\Html\_home.html
		..\deploy.sh = ..\deploy.sh
		..\Html\fornite.jpg = ..\Html\fornite.jpg
		..\Html\fornite2.jpg = ..\Html\fornite2.jpg
		..\Html\fortnite-clipart-banner-2.jpg = ..\Html\fortnite-clipart-banner-2.jpg
		..\Html\fortnite-final.jpg = ..\Html\fortnite-final.jpg
		..\Html\fortnite3.png = ..\Html\fortnite3.png
		..\Html\fortnite4.png = ..\Html\fortnite4.png
		..\Html\home.html = ..\Html\home.html
		..\Html\logo.portrait.white.svg = ..\Html\logo.portrait.white.svg
		..\Html\microbit.jpg = ..\Html\microbit.jpg
		..\Html\roblox.png = ..\Html\roblox.png
		..\Html\selfie.jpg = ..\Html\selfie.jpg
		..\Html\selfie2.png = ..\Html\selfie2.png
		..\Html\site.css = ..\Html\site.css
	EndProjectSection
EndProject
Global
	GlobalSection(SolutionConfigurationPlatforms) = preSolution
		Debug|Any CPU = Debug|Any CPU
		Release|Any CPU = Release|Any CPU
	EndGlobalSection
	GlobalSection(ProjectConfigurationPlatforms) = postSolution
		{7869E0FD-60F6-4151-97FC-42260703EC8F}.Debug|Any CPU.ActiveCfg = Debug|Any CPU
		{7869E0FD-60F6-4151-97FC-42260703EC8F}.Debug|Any CPU.Build.0 = Debug|Any CPU
		{7869E0FD-60F6-4151-97FC-42260703EC8F}.Release|Any CPU.ActiveCfg = Release|Any CPU
		{7869E0FD-60F6-4151-97FC-42260703EC8F}.Release|Any CPU.Build.0 = Release|Any CPU
	EndGlobalSection
	GlobalSection(SolutionProperties) = preSolution
		HideSolutionNode = FALSE
	EndGlobalSection
	GlobalSection(ExtensibilityGlobals) = postSolution
		SolutionGuid = {7DA04D86-2D73-4CA3-8A66-29F3E8942DAD}
	EndGlobalSection
EndGlobal
